
Microsoft Visual Studio Solution File, Format Version 11.00
# Visual Studio 2010
Project("{FAE04EC0-301F-11D3-BF4B-00C04F79EFBC}") = "GCA2", "GCA2.csproj", "{2E6D6318-6B3D-4324-96A6-A96F2D24B4AE}"
EndProject
Project("{FAE04EC0-301F-11D3-BF4B-00C04F79EFBC}") = "GCA2Content", "..\GCA2Content\GCA2Content.contentproj", "{8AAFC098-E9CD-42EA-8240-E4C99270EC63}"
EndProject
Project("{FAE04EC0-301F-11D3-BF4B-00C04F79EFBC}") = "GameStateManagement (Windows Phone)", "..\GameStateManagement\GameStateManagement (Windows Phone).csproj", "{D613ECAD-5F4D-44E6-8FB7-7ECAFF3D02D5}"
EndProject
Global
	GlobalSection(SolutionConfigurationPlatforms) = preSolution
		Debug|Windows Phone = Debug|Windows Phone
		Release|Windows Phone = Release|Windows Phone
	EndGlobalSection
	GlobalSection(ProjectConfigurationPlatforms) = postSolution
		{2E6D6318-6B3D-4324-96A6-A96F2D24B4AE}.Debug|Windows Phone.ActiveCfg = Debug|Windows Phone
		{2E6D6318-6B3D-4324-96A6-A96F2D24B4AE}.Debug|Windows Phone.Build.0 = Debug|Windows Phone
		{2E6D6318-6B3D-4324-96A6-A96F2D24B4AE}.Debug|Windows Phone.Deploy.0 = Debug|Windows Phone
		{2E6D6318-6B3D-4324-96A6-A96F2D24B4AE}.Release|Windows Phone.ActiveCfg = Release|Windows Phone
		{2E6D6318-6B3D-4324-96A6-A96F2D24B4AE}.Release|Windows Phone.Build.0 = Release|Windows Phone
		{2E6D6318-6B3D-4324-96A6-A96F2D24B4AE}.Release|Windows Phone.Deploy.0 = Release|Windows Phone
		{8AAFC098-E9CD-42EA-8240-E4C99270EC63}.Debug|Windows Phone.ActiveCfg = Debug|Windows Phone
		{8AAFC098-E9CD-42EA-8240-E4C99270EC63}.Release|Windows Phone.ActiveCfg = Release|Windows Phone
		{D613ECAD-5F4D-44E6-8FB7-7ECAFF3D02D5}.Debug|Windows Phone.ActiveCfg = Debug|Windows Phone
		{D613ECAD-5F4D-44E6-8FB7-7ECAFF3D02D5}.Debug|Windows Phone.Build.0 = Debug|Windows Phone
		{D613ECAD-5F4D-44E6-8FB7-7ECAFF3D02D5}.Release|Windows Phone.ActiveCfg = Release|Windows Phone
		{D613ECAD-5F4D-44E6-8FB7-7ECAFF3D02D5}.Release|Windows Phone.Build.0 = Release|Windows Phone
	EndGlobalSection
	GlobalSection(SolutionProperties) = preSolution
		HideSolutionNode = FALSE
	EndGlobalSection
EndGlobal
